
Microsoft Visual Studio Solution File, Format Version 12.00
# Visual Studio Version 16
VisualStudioVersion = 16.0.29519.87
MinimumVisualStudioVersion = 10.0.40219.1
Project("{FAE04EC0-301F-11D3-BF4B-00C04F79EFBC}") = "Innergy", "Innergy\Innergy.csproj", "{00793AC6-C5E1-4E10-A674-934411E104FF}"
EndProject
Global
	GlobalSection(SolutionConfigurationPlatforms) = preSolution
		Debug|Any CPU = Debug|Any CPU
		Release|Any CPU = Release|Any CPU
	EndGlobalSection
	GlobalSection(ProjectConfigurationPlatforms) = postSolution
		{00793AC6-C5E1-4E10-A674-934411E104FF}.Debug|Any CPU.ActiveCfg = Debug|Any CPU
		{00793AC6-C5E1-4E10-A674-934411E104FF}.Debug|Any CPU.Build.0 = Debug|Any CPU
		{00793AC6-C5E1-4E10-A674-934411E104FF}.Release|Any CPU.ActiveCfg = Release|Any CPU
		{00793AC6-C5E1-4E10-A674-934411E104FF}.Release|Any CPU.Build.0 = Release|Any CPU
	EndGlobalSection
	GlobalSection(SolutionProperties) = preSolution
		HideSolutionNode = FALSE
	EndGlobalSection
	GlobalSection(ExtensibilityGlobals) = postSolution
		SolutionGuid = {D63CECBD-B007-497D-A1CB-34BB30283162}
	EndGlobalSection
EndGlobal
